// !$*UTF8*$!
{
	archiveVersion = 1;
	classes = {
	};
	objectVersion = 46;
	objects = {

/* Begin PBXBuildFile section */
		2CC463F71E64D04F00B76CBE /* AppDelegate.swift in Sources */ = {isa = PBXBuildFile; fileRef = 2CC463F61E64D04F00B76CBE /* AppDelegate.swift */; };
		2CC463F91E64D04F00B76CBE /* ViewController.swift in Sources */ = {isa = PBXBuildFile; fileRef = 2CC463F81E64D04F00B76CBE /* ViewController.swift */; };
		2CC463FC1E64D04F00B76CBE /* Main.storyboard in Resources */ = {isa = PBXBuildFile; fileRef = 2CC463FA1E64D04F00B76CBE /* Main.storyboard */; };
		2CC463FE1E64D04F00B76CBE /* Assets.xcassets in Resources */ = {isa = PBXBuildFile; fileRef = 2CC463FD1E64D04F00B76CBE /* Assets.xcassets */; };
		2CC464011E64D04F00B76CBE /* LaunchScreen.storyboard in Resources */ = {isa = PBXBuildFile; fileRef = 2CC463FF1E64D04F00B76CBE /* LaunchScreen.storyboard */; };
/* End PBXBuildFile section */

/* Begin PBXFileReference section */
		2CC463F31E64D04F00B76CBE /* TestyEgzaminacyjne.app */ = {isa = PBXFileReference; explicitFileType = wrapper.application; includeInIndex = 0; path = TestyEgzaminacyjne.app; sourceTree = BUILT_PRODUCTS_DIR; };
		2CC463F61E64D04F00B76CBE /* AppDelegate.swift */ = {isa = PBXFileReference; lastKnownFileType = sourcecode.swift; path = AppDelegate.swift; sourceTree = "<group>"; };
		2CC463F81E64D04F00B76CBE /* ViewController.swift */ = {isa = PBXFileReference; lastKnownFileType = sourcecode.swift; path = ViewController.swift; sourceTree = "<group>"; };
		2CC463FB1E64D04F00B76CBE /* Base */ = {isa = PBXFileReference; lastKnownFileType = file.storyboard; name = Base; path = Base.lproj/Main.storyboard; sourceTree = "<group>"; };
		2CC463FD1E64D04F00B76CBE /* Assets.xcassets */ = {isa = PBXFileReference; lastKnownFileType = folder.assetcatalog; path = Assets.xcassets; sourceTree = "<group>"; };
		2CC464001E64D04F00B76CBE /* Base */ = {isa = PBXFileReference; lastKnownFileType = file.storyboard; name = Base; path = Base.lproj/LaunchScreen.storyboard; sourceTree = "<group>"; };
		2CC464021E64D04F00B76CBE /* Info.plist */ = {isa = PBXFileReference; lastKnownFileType = text.plist.xml; path = Info.plist; sourceTree = "<group>"; };
/* End PBXFileReference section */

/* Begin PBXFrameworksBuildPhase section */
		2CC463F01E64D04F00B76CBE /* Frameworks */ = {
			isa = PBXFrameworksBuildPhase;
			buildActionMask = 2147483647;
			files = (
			);
			runOnlyForDeploymentPostprocessing = 0;
		};
/* End PBXFrameworksBuildPhase section */

/* Begin PBXGroup section */
		2CC463EA1E64D04F00B76CBE = {
			isa = PBXGroup;
			children = (
				2CC463F51E64D04F00B76CBE /* TestyEgzaminacyjne */,
				2CC463F41E64D04F00B76CBE /* Products */,
			);
			sourceTree = "<group>";
		};
		2CC463F41E64D04F00B76CBE /* Products */ = {
			isa = PBXGroup;
			children = (
				2CC463F31E64D04F00B76CBE /* TestyEgzaminacyjne.app */,
			);
			name = Products;
			sourceTree = "<group>";
		};
		2CC463F51E64D04F00B76CBE /* TestyEgzaminacyjne */ = {
			isa = PBXGroup;
			children = (
				2CC463F61E64D04F00B76CBE /* AppDelegate.swift */,
				2CC463F81E64D04F00B76CBE /* ViewController.swift */,
				2CC463FA1E64D04F00B76CBE /* Main.storyboard */,
				2CC463FD1E64D04F00B76CBE /* Assets.xcassets */,
				2CC463FF1E64D04F00B76CBE /* LaunchScreen.storyboard */,
				2CC464021E64D04F00B76CBE /* Info.plist */,
			);
			path = TestyEgzaminacyjne;
			sourceTree = "<group>";
		};
/* End PBXGroup section */

/* Begin PBXNativeTarget section */
		2CC463F21E64D04F00B76CBE /* TestyEgzaminacyjne */ = {
			isa = PBXNativeTarget;
			buildConfigurationList = 2CC464051E64D04F00B76CBE /* Build configuration list for PBXNativeTarget "TestyEgzaminacyjne" */;
			buildPhases = (
				2CC463EF1E64D04F00B76CBE /* Sources */,
				2CC463F01E64D04F00B76CBE /* Frameworks */,
				2CC463F11E64D04F00B76CBE /* Resources */,
			);
			buildRules = (
			);
			dependencies = (
			);
			name = TestyEgzaminacyjne;
			productName = TestyEgzaminacyjne;
			productReference = 2CC463F31E64D04F00B76CBE /* TestyEgzaminacyjne.app */;
			productType = "com.apple.product-type.application";
		};
/* End PBXNativeTarget section */

/* Begin PBXProject section */
		2CC463EB1E64D04F00B76CBE /* Project object */ = {
			isa = PBXProject;
			attributes = {
				LastSwiftUpdateCheck = 0800;
				LastUpgradeCheck = 0800;
				ORGANIZATIONNAME = "Slawomir Kurczewski";
				TargetAttributes = {
					2CC463F21E64D04F00B76CBE = {
						CreatedOnToolsVersion = 8.0;
						ProvisioningStyle = Automatic;
					};
				};
			};
			buildConfigurationList = 2CC463EE1E64D04F00B76CBE /* Build configuration list for PBXProject "TestyEgzaminacyjne" */;
			compatibilityVersion = "Xcode 3.2";
			developmentRegion = English;
			hasScannedForEncodings = 0;
			knownRegions = (
				en,
				Base,
			);
			mainGroup = 2CC463EA1E64D04F00B76CBE;
			productRefGroup = 2CC463F41E64D04F00B76CBE /* Products */;
			projectDirPath = "";
			projectRoot = "";
			targets = (
				2CC463F21E64D04F00B76CBE /* TestyEgzaminacyjne */,
			);
		};
/* End PBXProject section */

/* Begin PBXResourcesBuildPhase section */
		2CC463F11E64D04F00B76CBE /* Resources */ = {
			isa = PBXResourcesBuildPhase;
			buildActionMask = 2147483647;
			files = (
				2CC464011E64D04F00B76CBE /* LaunchScreen.storyboard in Resources */,
				2CC463FE1E64D04F00B76CBE /* Assets.xcassets in Resources */,
				2CC463FC1E64D04F00B76CBE /* Main.storyboard in Resources */,
			);
			runOnlyForDeploymentPostprocessing = 0;
		};
/* End PBXResourcesBuildPhase section */

/* Begin PBXSourcesBuildPhase section */
		2CC463EF1E64D04F00B76CBE /* Sources */ = {
			isa = PBXSourcesBuildPhase;
			buildActionMask = 2147483647;
			files = (
				2CC463F91E64D04F00B76CBE /* ViewController.swift in Sources */,
				2CC463F71E64D04F00B76CBE /* AppDelegate.swift in Sources */,
			);
			runOnlyForDeploymentPostprocessing = 0;
		};
/* End PBXSourcesBuildPhase section */

/* Begin PBXVariantGroup section */
		2CC463FA1E64D04F00B76CBE /* Main.storyboard */ = {
			isa = PBXVariantGroup;
			children = (
				2CC463FB1E64D04F00B76CBE /* Base */,
			);
			name = Main.storyboard;
			sourceTree = "<group>";
		};
		2CC463FF1E64D04F00B76CBE /* LaunchScreen.storyboard */ = {
			isa = PBXVariantGroup;
			children = (
				2CC464001E64D04F00B76CBE /* Base */,
			);
			name = LaunchScreen.storyboard;
			sourceTree = "<group>";
		};
/* End PBXVariantGroup section */

/* Begin XCBuildConfiguration section */
		2CC464031E64D04F00B76CBE /* Debug */ = {
			isa = XCBuildConfiguration;
			buildSettings = {
				ALWAYS_SEARCH_USER_PATHS = NO;
				CLANG_ANALYZER_NONNULL = YES;
				CLANG_CXX_LANGUAGE_STANDARD = "gnu++0x";
				CLANG_CXX_LIBRARY = "libc++";
				CLANG_ENABLE_MODULES = YES;
				CLANG_ENABLE_OBJC_ARC = YES;
				CLANG_WARN_BOOL_CONVERSION = YES;
				CLANG_WARN_CONSTANT_CONVERSION = YES;
				CLANG_WARN_DIRECT_OBJC_ISA_USAGE = YES_ERROR;
				CLANG_WARN_DOCUMENTATION_COMMENTS = YES;
				CLANG_WARN_EMPTY_BODY = YES;
				CLANG_WARN_ENUM_CONVERSION = YES;
				CLANG_WARN_INFINITE_RECURSION = YES;
				CLANG_WARN_INT_CONVERSION = YES;
				CLANG_WARN_OBJC_ROOT_CLASS = YES_ERROR;
				CLANG_WARN_SUSPICIOUS_MOVES = YES;
				CLANG_WARN_UNREACHABLE_CODE = YES;
				CLANG_WARN__DUPLICATE_METHOD_MATCH = YES;
				"CODE_SIGN_IDENTITY[sdk=iphoneos*]" = "iPhone Developer";
				COPY_PHASE_STRIP = NO;
				DEBUG_INFORMATION_FORMAT = dwarf;
				ENABLE_STRICT_OBJC_MSGSEND = YES;
				ENABLE_TESTABILITY = YES;
				GCC_C_LANGUAGE_STANDARD = gnu99;
				GCC_DYNAMIC_NO_PIC = NO;
				GCC_NO_COMMON_BLOCKS = YES;
				GCC_OPTIMIZATION_LEVEL = 0;
				GCC_PREPROCESSOR_DEFINITIONS = (
					"DEBUG=1",
					"$(inherited)",
				);
				GCC_WARN_64_TO_32_BIT_CONVERSION = YES;
				GCC_WARN_ABOUT_RETURN_TYPE = YES_ERROR;
				GCC_WARN_UNDECLARED_SELECTOR = YES;
				GCC_WARN_UNINITIALIZED_AUTOS = YES_AGGRESSIVE;
				GCC_WARN_UNUSED_FUNCTION = YES;
				GCC_WARN_UNUSED_VARIABLE = YES;
				IPHONEOS_DEPLOYMENT_TARGET = 10.0;
				MTL_ENABLE_DEBUG_INFO = YES;
				ONLY_ACTIVE_ARCH = YES;
				SDKROOT = iphoneos;
				SWIFT_ACTIVE_COMPILATION_CONDITIONS = DEBUG;
				SWIFT_OPTIMIZATION_LEVEL = "-Onone";
			};
			name = Debug;
		};
		2CC464041E64D04F00B76CBE /* Release */ = {
			isa = XCBuildConfiguration;
			buildSettings = {
				ALWAYS_SEARCH_USER_PATHS = NO;
				CLANG_ANALYZER_NONNULL = YES;
				CLANG_CXX_LANGUAGE_STANDARD = "gnu++0x";
				CLANG_CXX_LIBRARY = "libc++";
				CLANG_ENABLE_MODULES = YES;
				CLANG_ENABLE_OBJC_ARC = YES;
				CLANG_WARN_BOOL_CONVERSION = YES;
				CLANG_WARN_CONSTANT_CONVERSION = YES;
				CLANG_WARN_DIRECT_OBJC_ISA_USAGE = YES_ERROR;
				CLANG_WARN_DOCUMENTATION_COMMENTS = YES;
				CLANG_WARN_EMPTY_BODY = YES;
				CLANG_WARN_ENUM_CONVERSION = YES;
				CLANG_WARN_INFINITE_RECURSION = YES;
				CLANG_WARN_INT_CONVERSION = YES;
				CLANG_WARN_OBJC_ROOT_CLASS = YES_ERROR;
				CLANG_WARN_SUSPICIOUS_MOVES = YES;
				CLANG_WARN_UNREACHABLE_CODE = YES;
				CLANG_WARN__DUPLICATE_METHOD_MATCH = YES;
				"CODE_SIGN_IDENTITY[sdk=iphoneos*]" = "iPhone Developer";
				COPY_PHASE_STRIP = NO;
				DEBUG_INFORMATION_FORMAT = "dwarf-with-dsym";
				ENABLE_NS_ASSERTIONS = NO;
				ENABLE_STRICT_OBJC_MSGSEND = YES;
				GCC_C_LANGUAGE_STANDARD = gnu99;
				GCC_NO_COMMON_BLOCKS = YES;
				GCC_WARN_64_TO_32_BIT_CONVERSION = YES;
				GCC_WARN_ABOUT_RETURN_TYPE = YES_ERROR;
				GCC_WARN_UNDECLARED_SELECTOR = YES;
				GCC_WARN_UNINITIALIZED_AUTOS = YES_AGGRESSIVE;
				GCC_WARN_UNUSED_FUNCTION = YES;
				GCC_WARN_UNUSED_VARIABLE = YES;
				IPHONEOS_DEPLOYMENT_TARGET = 10.0;
				MTL_ENABLE_DEBUG_INFO = NO;
				SDKROOT = iphoneos;
				SWIFT_OPTIMIZATION_LEVEL = "-Owholemodule";
				VALIDATE_PRODUCT = YES;
			};
			name = Release;
		};
		2CC464061E64D04F00B76CBE /* Debug */ = {
			isa = XCBuildConfiguration;
			buildSettings = {
				ASSETCATALOG_COMPILER_APPICON_NAME = AppIcon;
				INFOPLIST_FILE = TestyEgzaminacyjne/Info.plist;
				LD_RUNPATH_SEARCH_PATHS = "$(inherited) @executable_path/Frameworks";
				PRODUCT_BUNDLE_IDENTIFIER = pl.wroclaw.pwr.TestyEgzaminacyjne;
				PRODUCT_NAME = "$(TARGET_NAME)";
				SWIFT_VERSION = 3.0;
			};
			name = Debug;
		};
		2CC464071E64D04F00B76CBE /* Release */ = {
			isa = XCBuildConfiguration;
			buildSettings = {
				ASSETCATALOG_COMPILER_APPICON_NAME = AppIcon;
				INFOPLIST_FILE = TestyEgzaminacyjne/Info.plist;
				LD_RUNPATH_SEARCH_PATHS = "$(inherited) @executable_path/Frameworks";
				PRODUCT_BUNDLE_IDENTIFIER = pl.wroclaw.pwr.TestyEgzaminacyjne;
				PRODUCT_NAME = "$(TARGET_NAME)";
				SWIFT_VERSION = 3.0;
			};
			name = Release;
		};
/* End XCBuildConfiguration section */

/* Begin XCConfigurationList section */
		2CC463EE1E64D04F00B76CBE /* Build configuration list for PBXProject "TestyEgzaminacyjne" */ = {
			isa = XCConfigurationList;
			buildConfigurations = (
				2CC464031E64D04F00B76CBE /* Debug */,
				2CC464041E64D04F00B76CBE /* Release */,
			);
			defaultConfigurationIsVisible = 0;
			defaultConfigurationName = Release;
		};
		2CC464051E64D04F00B76CBE /* Build configuration list for PBXNativeTarget "TestyEgzaminacyjne" */ = {
			isa = XCConfigurationList;
			buildConfigurations = (
				2CC464061E64D04F00B76CBE /* Debug */,
				2CC464071E64D04F00B76CBE /* Release */,
			);
			defaultConfigurationIsVisible = 0;
		};
/* End XCConfigurationList section */
	};
	rootObject = 2CC463EB1E64D04F00B76CBE /* Project object */;
}
